{
  "version": "4",
  "specifiers": {
    "jsr:@cjngandwe/shared-utils@0.1": "0.1.0"
  },
  "jsr": {
    "@cjngandwe/shared-utils@0.1.0": {
      "integrity": "8a36bad372f88c9cb091d8e4714523ba1b06c4984cdb986b32cc9cc3e38724e4"
    }
  },
  "workspace": {
    "dependencies": [
      "jsr:@cjngandwe/shared-utils@0.1"
    ]
  }
}
